// !$*UTF8*$!
{
	archiveVersion = 1;
	classes = {
	};
	objectVersion = 48;
	objects = {

/* Begin PBXBuildFile section */
		1A607BE91F4D935B0036B035 /* Launch Screen.storyboard in Resources */ = {isa = PBXBuildFile; fileRef = 1A607BE71F4D935B0036B035 /* Launch Screen.storyboard */; };
		23BC1372EB0B2843FFBA61F2 /* Pods_LLSimpleCameraExampleUITests.framework in Frameworks */ = {isa = PBXBuildFile; fileRef = 89B0CF7EE70332937F9FEC28 /* Pods_LLSimpleCameraExampleUITests.framework */; };
		5EF2E2D63480770CFC110772 /* Pods_LLSimpleCameraExample.framework in Frameworks */ = {isa = PBXBuildFile; fileRef = B153A7D5E04DCFA680F4B857 /* Pods_LLSimpleCameraExample.framework */; };
		E3FDCBD71F4D6AAF00A88084 /* AppDelegate.m in Sources */ = {isa = PBXBuildFile; fileRef = E3FDCBD61F4D6AAF00A88084 /* AppDelegate.m */; };
		E3FDCBDF1F4D6AB000A88084 /* Assets.xcassets in Resources */ = {isa = PBXBuildFile; fileRef = E3FDCBDE1F4D6AB000A88084 /* Assets.xcassets */; };
		E3FDCBE51F4D6AB000A88084 /* main.m in Sources */ = {isa = PBXBuildFile; fileRef = E3FDCBE41F4D6AB000A88084 /* main.m */; };
		E3FDCBEF1F4D6AB000A88084 /* LLSimpleCameraExampleTests.m in Sources */ = {isa = PBXBuildFile; fileRef = E3FDCBEE1F4D6AB000A88084 /* LLSimpleCameraExampleTests.m */; };
		E3FDCBFA1F4D6AB000A88084 /* LLSimpleCameraExampleUITests.m in Sources */ = {isa = PBXBuildFile; fileRef = E3FDCBF91F4D6AB000A88084 /* LLSimpleCameraExampleUITests.m */; };
		E3FDCC201F4D722F00A88084 /* VideoViewController.m in Sources */ = {isa = PBXBuildFile; fileRef = E3FDCC141F4D722E00A88084 /* VideoViewController.m */; };
		E3FDCC231F4D722F00A88084 /* ImageViewController.m in Sources */ = {isa = PBXBuildFile; fileRef = E3FDCC1A1F4D722F00A88084 /* ImageViewController.m */; };
		E3FDCC241F4D722F00A88084 /* HomeViewController.m in Sources */ = {isa = PBXBuildFile; fileRef = E3FDCC1C1F4D722F00A88084 /* HomeViewController.m */; };
		E3FDCC481F4D76F400A88084 /* ViewUtils.m in Sources */ = {isa = PBXBuildFile; fileRef = E3FDCC441F4D76F300A88084 /* ViewUtils.m */; };
		E3FDCC491F4D76F400A88084 /* UIImage+Crop.m in Sources */ = {isa = PBXBuildFile; fileRef = E3FDCC451F4D76F300A88084 /* UIImage+Crop.m */; };
		E3FDCC4A1F4D76F400A88084 /* UIImage+Resize.m in Sources */ = {isa = PBXBuildFile; fileRef = E3FDCC471F4D76F300A88084 /* UIImage+Resize.m */; };
		E3FDCC521F4D772900A88084 /* camera-flash@2x.png in Resources */ = {isa = PBXBuildFile; fileRef = E3FDCC4B1F4D772800A88084 /* camera-flash@2x.png */; };
		E3FDCC531F4D772900A88084 /* cancel@3x.png in Resources */ = {isa = PBXBuildFile; fileRef = E3FDCC4C1F4D772800A88084 /* cancel@3x.png */; };
		E3FDCC541F4D772900A88084 /* camera-switch@2x.png in Resources */ = {isa = PBXBuildFile; fileRef = E3FDCC4D1F4D772800A88084 /* camera-switch@2x.png */; };
		E3FDCC551F4D772900A88084 /* cancel@2x.png in Resources */ = {isa = PBXBuildFile; fileRef = E3FDCC4E1F4D772800A88084 /* cancel@2x.png */; };
		E3FDCC561F4D772900A88084 /* camera-flash.png in Resources */ = {isa = PBXBuildFile; fileRef = E3FDCC4F1F4D772800A88084 /* camera-flash.png */; };
		E3FDCC571F4D772900A88084 /* camera-switch.png in Resources */ = {isa = PBXBuildFile; fileRef = E3FDCC501F4D772800A88084 /* camera-switch.png */; };
		E3FDCC581F4D772900A88084 /* cancel.png in Resources */ = {isa = PBXBuildFile; fileRef = E3FDCC511F4D772800A88084 /* cancel.png */; };
		E7AD098FEEA95F95BE608E1E /* Pods_LLSimpleCameraExampleTests.framework in Frameworks */ = {isa = PBXBuildFile; fileRef = 7628B7BC34A7752554FB0FFD /* Pods_LLSimpleCameraExampleTests.framework */; };
/* End PBXBuildFile section */

/* Begin PBXContainerItemProxy section */
		E3FDCBEB1F4D6AB000A88084 /* PBXContainerItemProxy */ = {
			isa = PBXContainerItemProxy;
			containerPortal = E3FDCBCA1F4D6AAF00A88084 /* Project object */;
			proxyType = 1;
			remoteGlobalIDString = E3FDCBD11F4D6AAF00A88084;
			remoteInfo = LLSimpleCameraExample;
		};
		E3FDCBF61F4D6AB000A88084 /* PBXContainerItemProxy */ = {
			isa = PBXContainerItemProxy;
			containerPortal = E3FDCBCA1F4D6AAF00A88084 /* Project object */;
			proxyType = 1;
			remoteGlobalIDString = E3FDCBD11F4D6AAF00A88084;
			remoteInfo = LLSimpleCameraExample;
		};
/* End PBXContainerItemProxy section */

/* Begin PBXFileReference section */
		1A607BE81F4D935B0036B035 /* Base */ = {isa = PBXFileReference; lastKnownFileType = file.storyboard; name = Base; path = "Base.lproj/Launch Screen.storyboard"; sourceTree = "<group>"; };
		2131CF87C7FCDDB59879ECA6 /* Pods-LLSimpleCameraExampleUITests.release.xcconfig */ = {isa = PBXFileReference; includeInIndex = 1; lastKnownFileType = text.xcconfig; name = "Pods-LLSimpleCameraExampleUITests.release.xcconfig"; path = "Pods/Target Support Files/Pods-LLSimpleCameraExampleUITests/Pods-LLSimpleCameraExampleUITests.release.xcconfig"; sourceTree = "<group>"; };
		3AB75E6C6F029F3C9B6C3C32 /* Pods-LLSimpleCameraExample.release.xcconfig */ = {isa = PBXFileReference; includeInIndex = 1; lastKnownFileType = text.xcconfig; name = "Pods-LLSimpleCameraExample.release.xcconfig"; path = "Pods/Target Support Files/Pods-LLSimpleCameraExample/Pods-LLSimpleCameraExample.release.xcconfig"; sourceTree = "<group>"; };
		4DC532CC6DB8433409D313E3 /* Pods-LLSimpleCameraExample.debug.xcconfig */ = {isa = PBXFileReference; includeInIndex = 1; lastKnownFileType = text.xcconfig; name = "Pods-LLSimpleCameraExample.debug.xcconfig"; path = "Pods/Target Support Files/Pods-LLSimpleCameraExample/Pods-LLSimpleCameraExample.debug.xcconfig"; sourceTree = "<group>"; };
		7628B7BC34A7752554FB0FFD /* Pods_LLSimpleCameraExampleTests.framework */ = {isa = PBXFileReference; explicitFileType = wrapper.framework; includeInIndex = 0; path = Pods_LLSimpleCameraExampleTests.framework; sourceTree = BUILT_PRODUCTS_DIR; };
		89B0CF7EE70332937F9FEC28 /* Pods_LLSimpleCameraExampleUITests.framework */ = {isa = PBXFileReference; explicitFileType = wrapper.framework; includeInIndex = 0; path = Pods_LLSimpleCameraExampleUITests.framework; sourceTree = BUILT_PRODUCTS_DIR; };
		8C74F68EF0DA45A89652BD2F /* Pods-LLSimpleCameraExampleTests.release.xcconfig */ = {isa = PBXFileReference; includeInIndex = 1; lastKnownFileType = text.xcconfig; name = "Pods-LLSimpleCameraExampleTests.release.xcconfig"; path = "Pods/Target Support Files/Pods-LLSimpleCameraExampleTests/Pods-LLSimpleCameraExampleTests.release.xcconfig"; sourceTree = "<group>"; };
		B153A7D5E04DCFA680F4B857 /* Pods_LLSimpleCameraExample.framework */ = {isa = PBXFileReference; explicitFileType = wrapper.framework; includeInIndex = 0; path = Pods_LLSimpleCameraExample.framework; sourceTree = BUILT_PRODUCTS_DIR; };
		C2EC77F1FD7F49CC36EBC2F9 /* Pods-LLSimpleCameraExampleUITests.debug.xcconfig */ = {isa = PBXFileReference; includeInIndex = 1; lastKnownFileType = text.xcconfig; name = "Pods-LLSimpleCameraExampleUITests.debug.xcconfig"; path = "Pods/Target Support Files/Pods-LLSimpleCameraExampleUITests/Pods-LLSimpleCameraExampleUITests.debug.xcconfig"; sourceTree = "<group>"; };
		CAEC4C6C9CB0E80B59053301 /* Pods-LLSimpleCameraExampleTests.debug.xcconfig */ = {isa = PBXFileReference; includeInIndex = 1; lastKnownFileType = text.xcconfig; name = "Pods-LLSimpleCameraExampleTests.debug.xcconfig"; path = "Pods/Target Support Files/Pods-LLSimpleCameraExampleTests/Pods-LLSimpleCameraExampleTests.debug.xcconfig"; sourceTree = "<group>"; };
		E3FDCBD21F4D6AAF00A88084 /* LLSimpleCameraExample.app */ = {isa = PBXFileReference; explicitFileType = wrapper.application; includeInIndex = 0; path = LLSimpleCameraExample.app; sourceTree = BUILT_PRODUCTS_DIR; };
		E3FDCBD51F4D6AAF00A88084 /* AppDelegate.h */ = {isa = PBXFileReference; lastKnownFileType = sourcecode.c.h; path = AppDelegate.h; sourceTree = "<group>"; };
		E3FDCBD61F4D6AAF00A88084 /* AppDelegate.m */ = {isa = PBXFileReference; lastKnownFileType = sourcecode.c.objc; path = AppDelegate.m; sourceTree = "<group>"; };
		E3FDCBDE1F4D6AB000A88084 /* Assets.xcassets */ = {isa = PBXFileReference; lastKnownFileType = folder.assetcatalog; path = Assets.xcassets; sourceTree = "<group>"; };
		E3FDCBE31F4D6AB000A88084 /* Info.plist */ = {isa = PBXFileReference; lastKnownFileType = text.plist.xml; path = Info.plist; sourceTree = "<group>"; };
		E3FDCBE41F4D6AB000A88084 /* main.m */ = {isa = PBXFileReference; lastKnownFileType = sourcecode.c.objc; path = main.m; sourceTree = "<group>"; };
		E3FDCBEA1F4D6AB000A88084 /* LLSimpleCameraExampleTests.xctest */ = {isa = PBXFileReference; explicitFileType = wrapper.cfbundle; includeInIndex = 0; path = LLSimpleCameraExampleTests.xctest; sourceTree = BUILT_PRODUCTS_DIR; };
		E3FDCBEE1F4D6AB000A88084 /* LLSimpleCameraExampleTests.m */ = {isa = PBXFileReference; lastKnownFileType = sourcecode.c.objc; path = LLSimpleCameraExampleTests.m; sourceTree = "<group>"; };
		E3FDCBF01F4D6AB000A88084 /* Info.plist */ = {isa = PBXFileReference; lastKnownFileType = text.plist.xml; path = Info.plist; sourceTree = "<group>"; };
		E3FDCBF51F4D6AB000A88084 /* LLSimpleCameraExampleUITests.xctest */ = {isa = PBXFileReference; explicitFileType = wrapper.cfbundle; includeInIndex = 0; path = LLSimpleCameraExampleUITests.xctest; sourceTree = BUILT_PRODUCTS_DIR; };
		E3FDCBF91F4D6AB000A88084 /* LLSimpleCameraExampleUITests.m */ = {isa = PBXFileReference; lastKnownFileType = sourcecode.c.objc; path = LLSimpleCameraExampleUITests.m; sourceTree = "<group>"; };
		E3FDCBFB1F4D6AB000A88084 /* Info.plist */ = {isa = PBXFileReference; lastKnownFileType = text.plist.xml; path = Info.plist; sourceTree = "<group>"; };
		E3FDCC141F4D722E00A88084 /* VideoViewController.m */ = {isa = PBXFileReference; fileEncoding = 4; lastKnownFileType = sourcecode.c.objc; path = VideoViewController.m; sourceTree = "<group>"; };
		E3FDCC151F4D722E00A88084 /* ImageViewController.h */ = {isa = PBXFileReference; fileEncoding = 4; lastKnownFileType = sourcecode.c.h; path = ImageViewController.h; sourceTree = "<group>"; };
		E3FDCC171F4D722E00A88084 /* VideoViewController.h */ = {isa = PBXFileReference; fileEncoding = 4; lastKnownFileType = sourcecode.c.h; path = VideoViewController.h; sourceTree = "<group>"; };
		E3FDCC1A1F4D722F00A88084 /* ImageViewController.m */ = {isa = PBXFileReference; fileEncoding = 4; lastKnownFileType = sourcecode.c.objc; path = ImageViewController.m; sourceTree = "<group>"; };
		E3FDCC1C1F4D722F00A88084 /* HomeViewController.m */ = {isa = PBXFileReference; fileEncoding = 4; lastKnownFileType = sourcecode.c.objc; path = HomeViewController.m; sourceTree = "<group>"; };
		E3FDCC1F1F4D722F00A88084 /* HomeViewController.h */ = {isa = PBXFileReference; fileEncoding = 4; lastKnownFileType = sourcecode.c.h; path = HomeViewController.h; sourceTree = "<group>"; };
		E3FDCC421F4D76F300A88084 /* UIImage+Resize.h */ = {isa = PBXFileReference; fileEncoding = 4; lastKnownFileType = sourcecode.c.h; path = "UIImage+Resize.h"; sourceTree = "<group>"; };
		E3FDCC431F4D76F300A88084 /* ViewUtils.h */ = {isa = PBXFileReference; fileEncoding = 4; lastKnownFileType = sourcecode.c.h; path = ViewUtils.h; sourceTree = "<group>"; };
		E3FDCC441F4D76F300A88084 /* ViewUtils.m */ = {isa = PBXFileReference; fileEncoding = 4; lastKnownFileType = sourcecode.c.objc; path = ViewUtils.m; sourceTree = "<group>"; };
		E3FDCC451F4D76F300A88084 /* UIImage+Crop.m */ = {isa = PBXFileReference; fileEncoding = 4; lastKnownFileType = sourcecode.c.objc; path = "UIImage+Crop.m"; sourceTree = "<group>"; };
		E3FDCC461F4D76F300A88084 /* UIImage+Crop.h */ = {isa = PBXFileReference; fileEncoding = 4; lastKnownFileType = sourcecode.c.h; path = "UIImage+Crop.h"; sourceTree = "<group>"; };
		E3FDCC471F4D76F300A88084 /* UIImage+Resize.m */ = {isa = PBXFileReference; fileEncoding = 4; lastKnownFileType = sourcecode.c.objc; path = "UIImage+Resize.m"; sourceTree = "<group>"; };
		E3FDCC4B1F4D772800A88084 /* camera-flash@2x.png */ = {isa = PBXFileReference; lastKnownFileType = image.png; path = "camera-flash@2x.png"; sourceTree = "<group>"; };
		E3FDCC4C1F4D772800A88084 /* cancel@3x.png */ = {isa = PBXFileReference; lastKnownFileType = image.png; path = "cancel@3x.png"; sourceTree = "<group>"; };
		E3FDCC4D1F4D772800A88084 /* camera-switch@2x.png */ = {isa = PBXFileReference; lastKnownFileType = image.png; path = "camera-switch@2x.png"; sourceTree = "<group>"; };
		E3FDCC4E1F4D772800A88084 /* cancel@2x.png */ = {isa = PBXFileReference; lastKnownFileType = image.png; path = "cancel@2x.png"; sourceTree = "<group>"; };
		E3FDCC4F1F4D772800A88084 /* camera-flash.png */ = {isa = PBXFileReference; lastKnownFileType = image.png; path = "camera-flash.png"; sourceTree = "<group>"; };
		E3FDCC501F4D772800A88084 /* camera-switch.png */ = {isa = PBXFileReference; lastKnownFileType = image.png; path = "camera-switch.png"; sourceTree = "<group>"; };
		E3FDCC511F4D772800A88084 /* cancel.png */ = {isa = PBXFileReference; lastKnownFileType = image.png; path = cancel.png; sourceTree = "<group>"; };
/* End PBXFileReference section */

/* Begin PBXFrameworksBuildPhase section */
		E3FDCBCF1F4D6AAF00A88084 /* Frameworks */ = {
			isa = PBXFrameworksBuildPhase;
			buildActionMask = 2147483647;
			files = (
				5EF2E2D63480770CFC110772 /* Pods_LLSimpleCameraExample.framework in Frameworks */,
			);
			runOnlyForDeploymentPostprocessing = 0;
		};
		E3FDCBE71F4D6AB000A88084 /* Frameworks */ = {
			isa = PBXFrameworksBuildPhase;
			buildActionMask = 2147483647;
			files = (
				E7AD098FEEA95F95BE608E1E /* Pods_LLSimpleCameraExampleTests.framework in Frameworks */,
			);
			runOnlyForDeploymentPostprocessing = 0;
		};
		E3FDCBF21F4D6AB000A88084 /* Frameworks */ = {
			isa = PBXFrameworksBuildPhase;
			buildActionMask = 2147483647;
			files = (
				23BC1372EB0B2843FFBA61F2 /* Pods_LLSimpleCameraExampleUITests.framework in Frameworks */,
			);
			runOnlyForDeploymentPostprocessing = 0;
		};
/* End PBXFrameworksBuildPhase section */

/* Begin PBXGroup section */
		1BAE6BDF06518860E641D88F /* Frameworks */ = {
			isa = PBXGroup;
			children = (
				B153A7D5E04DCFA680F4B857 /* Pods_LLSimpleCameraExample.framework */,
				7628B7BC34A7752554FB0FFD /* Pods_LLSimpleCameraExampleTests.framework */,
				89B0CF7EE70332937F9FEC28 /* Pods_LLSimpleCameraExampleUITests.framework */,
			);
			name = Frameworks;
			sourceTree = "<group>";
		};
		1FE68F0FB9C609AF1E595EF9 /* Pods */ = {
			isa = PBXGroup;
			children = (
				4DC532CC6DB8433409D313E3 /* Pods-LLSimpleCameraExample.debug.xcconfig */,
				3AB75E6C6F029F3C9B6C3C32 /* Pods-LLSimpleCameraExample.release.xcconfig */,
				CAEC4C6C9CB0E80B59053301 /* Pods-LLSimpleCameraExampleTests.debug.xcconfig */,
				8C74F68EF0DA45A89652BD2F /* Pods-LLSimpleCameraExampleTests.release.xcconfig */,
				C2EC77F1FD7F49CC36EBC2F9 /* Pods-LLSimpleCameraExampleUITests.debug.xcconfig */,
				2131CF87C7FCDDB59879ECA6 /* Pods-LLSimpleCameraExampleUITests.release.xcconfig */,
			);
			name = Pods;
			sourceTree = "<group>";
		};
		E3FDCBC91F4D6AAF00A88084 = {
			isa = PBXGroup;
			children = (
				E3FDCBD41F4D6AAF00A88084 /* LLSimpleCameraExample */,
				E3FDCBED1F4D6AB000A88084 /* LLSimpleCameraExampleTests */,
				E3FDCBF81F4D6AB000A88084 /* LLSimpleCameraExampleUITests */,
				E3FDCBD31F4D6AAF00A88084 /* Products */,
				1FE68F0FB9C609AF1E595EF9 /* Pods */,
				1BAE6BDF06518860E641D88F /* Frameworks */,
			);
			sourceTree = "<group>";
		};
		E3FDCBD31F4D6AAF00A88084 /* Products */ = {
			isa = PBXGroup;
			children = (
				E3FDCBD21F4D6AAF00A88084 /* LLSimpleCameraExample.app */,
				E3FDCBEA1F4D6AB000A88084 /* LLSimpleCameraExampleTests.xctest */,
				E3FDCBF51F4D6AB000A88084 /* LLSimpleCameraExampleUITests.xctest */,
			);
			name = Products;
			sourceTree = "<group>";
		};
		E3FDCBD41F4D6AAF00A88084 /* LLSimpleCameraExample */ = {
			isa = PBXGroup;
			children = (
				E3FDCC361F4D726100A88084 /* Images */,
				E3FDCC261F4D723600A88084 /* Controllers */,
				E3FDCBD51F4D6AAF00A88084 /* AppDelegate.h */,
				E3FDCBD61F4D6AAF00A88084 /* AppDelegate.m */,
				E3FDCBDE1F4D6AB000A88084 /* Assets.xcassets */,
				E3FDCBE31F4D6AB000A88084 /* Info.plist */,
				E3FDCBE41F4D6AB000A88084 /* main.m */,
				1A607BE71F4D935B0036B035 /* Launch Screen.storyboard */,
			);
			path = LLSimpleCameraExample;
			sourceTree = "<group>";
		};
		E3FDCBED1F4D6AB000A88084 /* LLSimpleCameraExampleTests */ = {
			isa = PBXGroup;
			children = (
				E3FDCBEE1F4D6AB000A88084 /* LLSimpleCameraExampleTests.m */,
				E3FDCBF01F4D6AB000A88084 /* Info.plist */,
			);
			path = LLSimpleCameraExampleTests;
			sourceTree = "<group>";
		};
		E3FDCBF81F4D6AB000A88084 /* LLSimpleCameraExampleUITests */ = {
			isa = PBXGroup;
			children = (
				E3FDCBF91F4D6AB000A88084 /* LLSimpleCameraExampleUITests.m */,
				E3FDCBFB1F4D6AB000A88084 /* Info.plist */,
			);
			path = LLSimpleCameraExampleUITests;
			sourceTree = "<group>";
		};
		E3FDCC261F4D723600A88084 /* Controllers */ = {
			isa = PBXGroup;
			children = (
				E3FDCC461F4D76F300A88084 /* UIImage+Crop.h */,
				E3FDCC451F4D76F300A88084 /* UIImage+Crop.m */,
				E3FDCC421F4D76F300A88084 /* UIImage+Resize.h */,
				E3FDCC471F4D76F300A88084 /* UIImage+Resize.m */,
				E3FDCC431F4D76F300A88084 /* ViewUtils.h */,
				E3FDCC441F4D76F300A88084 /* ViewUtils.m */,
				E3FDCC1F1F4D722F00A88084 /* HomeViewController.h */,
				E3FDCC1C1F4D722F00A88084 /* HomeViewController.m */,
				E3FDCC151F4D722E00A88084 /* ImageViewController.h */,
				E3FDCC1A1F4D722F00A88084 /* ImageViewController.m */,
				E3FDCC171F4D722E00A88084 /* VideoViewController.h */,
				E3FDCC141F4D722E00A88084 /* VideoViewController.m */,
			);
			path = Controllers;
			sourceTree = "<group>";
		};
		E3FDCC361F4D726100A88084 /* Images */ = {
			isa = PBXGroup;
			children = (
				E3FDCC4F1F4D772800A88084 /* camera-flash.png */,
				E3FDCC4B1F4D772800A88084 /* camera-flash@2x.png */,
				E3FDCC501F4D772800A88084 /* camera-switch.png */,
				E3FDCC4D1F4D772800A88084 /* camera-switch@2x.png */,
				E3FDCC511F4D772800A88084 /* cancel.png */,
				E3FDCC4E1F4D772800A88084 /* cancel@2x.png */,
				E3FDCC4C1F4D772800A88084 /* cancel@3x.png */,
			);
			name = Images;
			sourceTree = "<group>";
		};
/* End PBXGroup section */

/* Begin PBXNativeTarget section */
		E3FDCBD11F4D6AAF00A88084 /* LLSimpleCameraExample */ = {
			isa = PBXNativeTarget;
			buildConfigurationList = E3FDCBFE1F4D6AB000A88084 /* Build configuration list for PBXNativeTarget "LLSimpleCameraExample" */;
			buildPhases = (
				62267AA10665BD4F9B430BCE /* [CP] Check Pods Manifest.lock */,
				E3FDCBCE1F4D6AAF00A88084 /* Sources */,
				E3FDCBCF1F4D6AAF00A88084 /* Frameworks */,
				E3FDCBD01F4D6AAF00A88084 /* Resources */,
				BF7C4BE00AB1300B1D450F29 /* [CP] Embed Pods Frameworks */,
				5EAE2522C129A00117FA6422 /* [CP] Copy Pods Resources */,
				1A8F806A1F4D8371006F5497 /* ShellScript */,
			);
			buildRules = (
			);
			dependencies = (
			);
			name = LLSimpleCameraExample;
			productName = LLSimpleCameraExample;
			productReference = E3FDCBD21F4D6AAF00A88084 /* LLSimpleCameraExample.app */;
			productType = "com.apple.product-type.application";
		};
		E3FDCBE91F4D6AB000A88084 /* LLSimpleCameraExampleTests */ = {
			isa = PBXNativeTarget;
			buildConfigurationList = E3FDCC011F4D6AB000A88084 /* Build configuration list for PBXNativeTarget "LLSimpleCameraExampleTests" */;
			buildPhases = (
				F59415347FD8E64EBBF82C5A /* [CP] Check Pods Manifest.lock */,
				E3FDCBE61F4D6AB000A88084 /* Sources */,
				E3FDCBE71F4D6AB000A88084 /* Frameworks */,
				E3FDCBE81F4D6AB000A88084 /* Resources */,
				E354802B54CAEEEDD2A8A669 /* [CP] Embed Pods Frameworks */,
				F2782511A3A76106D6DBA6DA /* [CP] Copy Pods Resources */,
			);
			buildRules = (
			);
			dependencies = (
				E3FDCBEC1F4D6AB000A88084 /* PBXTargetDependency */,
			);
			name = LLSimpleCameraExampleTests;
			productName = LLSimpleCameraExampleTests;
			productReference = E3FDCBEA1F4D6AB000A88084 /* LLSimpleCameraExampleTests.xctest */;
			productType = "com.apple.product-type.bundle.unit-test";
		};
		E3FDCBF41F4D6AB000A88084 /* LLSimpleCameraExampleUITests */ = {
			isa = PBXNativeTarget;
			buildConfigurationList = E3FDCC041F4D6AB000A88084 /* Build configuration list for PBXNativeTarget "LLSimpleCameraExampleUITests" */;
			buildPhases = (
				63D24E3062027FB0D19B9218 /* [CP] Check Pods Manifest.lock */,
				E3FDCBF11F4D6AB000A88084 /* Sources */,
				E3FDCBF21F4D6AB000A88084 /* Frameworks */,
				E3FDCBF31F4D6AB000A88084 /* Resources */,
				5722CB622470245C6F9CCDD5 /* [CP] Embed Pods Frameworks */,
				753193A6DEB621E7F01E3563 /* [CP] Copy Pods Resources */,
			);
			buildRules = (
			);
			dependencies = (
				E3FDCBF71F4D6AB000A88084 /* PBXTargetDependency */,
			);
			name = LLSimpleCameraExampleUITests;
			productName = LLSimpleCameraExampleUITests;
			productReference = E3FDCBF51F4D6AB000A88084 /* LLSimpleCameraExampleUITests.xctest */;
			productType = "com.apple.product-type.bundle.ui-testing";
		};
/* End PBXNativeTarget section */

/* Begin PBXProject section */
		E3FDCBCA1F4D6AAF00A88084 /* Project object */ = {
			isa = PBXProject;
			attributes = {
				LastUpgradeCheck = 0900;
				ORGANIZATIONNAME = "James Kong";
				TargetAttributes = {
					E3FDCBD11F4D6AAF00A88084 = {
						CreatedOnToolsVersion = 9.0;
						ProvisioningStyle = Automatic;
					};
					E3FDCBE91F4D6AB000A88084 = {
						CreatedOnToolsVersion = 9.0;
						TestTargetID = E3FDCBD11F4D6AAF00A88084;
					};
					E3FDCBF41F4D6AB000A88084 = {
						CreatedOnToolsVersion = 9.0;
						TestTargetID = E3FDCBD11F4D6AAF00A88084;
					};
				};
			};
			buildConfigurationList = E3FDCBCD1F4D6AAF00A88084 /* Build configuration list for PBXProject "LLSimpleCameraExample" */;
			compatibilityVersion = "Xcode 8.0";
			developmentRegion = en;
			hasScannedForEncodings = 0;
			knownRegions = (
				en,
				Base,
			);
			mainGroup = E3FDCBC91F4D6AAF00A88084;
			productRefGroup = E3FDCBD31F4D6AAF00A88084 /* Products */;
			projectDirPath = "";
			projectRoot = "";
			targets = (
				E3FDCBD11F4D6AAF00A88084 /* LLSimpleCameraExample */,
				E3FDCBE91F4D6AB000A88084 /* LLSimpleCameraExampleTests */,
				E3FDCBF41F4D6AB000A88084 /* LLSimpleCameraExampleUITests */,
			);
		};
/* End PBXProject section */

/* Begin PBXResourcesBuildPhase section */
		E3FDCBD01F4D6AAF00A88084 /* Resources */ = {
			isa = PBXResourcesBuildPhase;
			buildActionMask = 2147483647;
			files = (
				E3FDCC521F4D772900A88084 /* camera-flash@2x.png in Resources */,
				E3FDCC531F4D772900A88084 /* cancel@3x.png in Resources */,
				E3FDCC541F4D772900A88084 /* camera-switch@2x.png in Resources */,
				1A607BE91F4D935B0036B035 /* Launch Screen.storyboard in Resources */,
				E3FDCC571F4D772900A88084 /* camera-switch.png in Resources */,
				E3FDCC561F4D772900A88084 /* camera-flash.png in Resources */,
				E3FDCC581F4D772900A88084 /* cancel.png in Resources */,
				E3FDCC551F4D772900A88084 /* cancel@2x.png in Resources */,
				E3FDCBDF1F4D6AB000A88084 /* Assets.xcassets in Resources */,
			);
			runOnlyForDeploymentPostprocessing = 0;
		};
		E3FDCBE81F4D6AB000A88084 /* Resources */ = {
			isa = PBXResourcesBuildPhase;
			buildActionMask = 2147483647;
			files = (
			);
			runOnlyForDeploymentPostprocessing = 0;
		};
		E3FDCBF31F4D6AB000A88084 /* Resources */ = {
			isa = PBXResourcesBuildPhase;
			buildActionMask = 2147483647;
			files = (
			);
			runOnlyForDeploymentPostprocessing = 0;
		};
/* End PBXResourcesBuildPhase section */

/* Begin PBXShellScriptBuildPhase section */
		1A8F806A1F4D8371006F5497 /* ShellScript */ = {
			isa = PBXShellScriptBuildPhase;
			buildActionMask = 2147483647;
			files = (
			);
			inputPaths = (
			);
			outputPaths = (
			);
			runOnlyForDeploymentPostprocessing = 0;
			shellPath = /bin/sh;
			shellScript = "";
		};
		5722CB622470245C6F9CCDD5 /* [CP] Embed Pods Frameworks */ = {
			isa = PBXShellScriptBuildPhase;
			buildActionMask = 2147483647;
			files = (
			);
			inputPaths = (
			);
			name = "[CP] Embed Pods Frameworks";
			outputPaths = (
			);
			runOnlyForDeploymentPostprocessing = 0;
			shellPath = /bin/sh;
			shellScript = "\"${SRCROOT}/Pods/Target Support Files/Pods-LLSimpleCameraExampleUITests/Pods-LLSimpleCameraExampleUITests-frameworks.sh\"\n";
			showEnvVarsInLog = 0;
		};
		5EAE2522C129A00117FA6422 /* [CP] Copy Pods Resources */ = {
			isa = PBXShellScriptBuildPhase;
			buildActionMask = 2147483647;
			files = (
			);
			inputPaths = (
			);
			name = "[CP] Copy Pods Resources";
			outputPaths = (
			);
			runOnlyForDeploymentPostprocessing = 0;
			shellPath = /bin/sh;
			shellScript = "\"${SRCROOT}/Pods/Target Support Files/Pods-LLSimpleCameraExample/Pods-LLSimpleCameraExample-resources.sh\"\n";
			showEnvVarsInLog = 0;
		};
		62267AA10665BD4F9B430BCE /* [CP] Check Pods Manifest.lock */ = {
			isa = PBXShellScriptBuildPhase;
			buildActionMask = 2147483647;
			files = (
			);
			inputPaths = (
				"${PODS_PODFILE_DIR_PATH}/Podfile.lock",
				"${PODS_ROOT}/Manifest.lock",
			);
			name = "[CP] Check Pods Manifest.lock";
			outputPaths = (
				"$(DERIVED_FILE_DIR)/Pods-LLSimpleCameraExample-checkManifestLockResult.txt",
			);
			runOnlyForDeploymentPostprocessing = 0;
			shellPath = /bin/sh;
			shellScript = "diff \"${PODS_PODFILE_DIR_PATH}/Podfile.lock\" \"${PODS_ROOT}/Manifest.lock\" > /dev/null\nif [ $? != 0 ] ; then\n    # print error to STDERR\n    echo \"error: The sandbox is not in sync with the Podfile.lock. Run 'pod install' or update your CocoaPods installation.\" >&2\n    exit 1\nfi\n";
			showEnvVarsInLog = 0;
		};
		63D24E3062027FB0D19B9218 /* [CP] Check Pods Manifest.lock */ = {
			isa = PBXShellScriptBuildPhase;
			buildActionMask = 2147483647;
			files = (
			);
			inputPaths = (
				"${PODS_PODFILE_DIR_PATH}/Podfile.lock",
				"${PODS_ROOT}/Manifest.lock",
			);
			name = "[CP] Check Pods Manifest.lock";
			outputPaths = (
				"$(DERIVED_FILE_DIR)/Pods-LLSimpleCameraExampleUITests-checkManifestLockResult.txt",
			);
			runOnlyForDeploymentPostprocessing = 0;
			shellPath = /bin/sh;
			shellScript = "diff \"${PODS_PODFILE_DIR_PATH}/Podfile.lock\" \"${PODS_ROOT}/Manifest.lock\" > /dev/null\nif [ $? != 0 ] ; then\n    # print error to STDERR\n    echo \"error: The sandbox is not in sync with the Podfile.lock. Run 'pod install' or update your CocoaPods installation.\" >&2\n    exit 1\nfi\n";
			showEnvVarsInLog = 0;
		};
		753193A6DEB621E7F01E3563 /* [CP] Copy Pods Resources */ = {
			isa = PBXShellScriptBuildPhase;
			buildActionMask = 2147483647;
			files = (
			);
			inputPaths = (
			);
			name = "[CP] Copy Pods Resources";
			outputPaths = (
			);
			runOnlyForDeploymentPostprocessing = 0;
			shellPath = /bin/sh;
			shellScript = "\"${SRCROOT}/Pods/Target Support Files/Pods-LLSimpleCameraExampleUITests/Pods-LLSimpleCameraExampleUITests-resources.sh\"\n";
			showEnvVarsInLog = 0;
		};
		BF7C4BE00AB1300B1D450F29 /* [CP] Embed Pods Frameworks */ = {
			isa = PBXShellScriptBuildPhase;
			buildActionMask = 2147483647;
			files = (
			);
			inputPaths = (
			);
			name = "[CP] Embed Pods Frameworks";
			outputPaths = (
			);
			runOnlyForDeploymentPostprocessing = 0;
			shellPath = /bin/sh;
			shellScript = "\"${SRCROOT}/Pods/Target Support Files/Pods-LLSimpleCameraExample/Pods-LLSimpleCameraExample-frameworks.sh\"\n";
			showEnvVarsInLog = 0;
		};
		E354802B54CAEEEDD2A8A669 /* [CP] Embed Pods Frameworks */ = {
			isa = PBXShellScriptBuildPhase;
			buildActionMask = 2147483647;
			files = (
			);
			inputPaths = (
			);
			name = "[CP] Embed Pods Frameworks";
			outputPaths = (
			);
			runOnlyForDeploymentPostprocessing = 0;
			shellPath = /bin/sh;
			shellScript = "\"${SRCROOT}/Pods/Target Support Files/Pods-LLSimpleCameraExampleTests/Pods-LLSimpleCameraExampleTests-frameworks.sh\"\n";
			showEnvVarsInLog = 0;
		};
		F2782511A3A76106D6DBA6DA /* [CP] Copy Pods Resources */ = {
			isa = PBXShellScriptBuildPhase;
			buildActionMask = 2147483647;
			files = (
			);
			inputPaths = (
			);
			name = "[CP] Copy Pods Resources";
			outputPaths = (
			);
			runOnlyForDeploymentPostprocessing = 0;
			shellPath = /bin/sh;
			shellScript = "\"${SRCROOT}/Pods/Target Support Files/Pods-LLSimpleCameraExampleTests/Pods-LLSimpleCameraExampleTests-resources.sh\"\n";
			showEnvVarsInLog = 0;
		};
		F59415347FD8E64EBBF82C5A /* [CP] Check Pods Manifest.lock */ = {
			isa = PBXShellScriptBuildPhase;
			buildActionMask = 2147483647;
			files = (
			);
			inputPaths = (
				"${PODS_PODFILE_DIR_PATH}/Podfile.lock",
				"${PODS_ROOT}/Manifest.lock",
			);
			name = "[CP] Check Pods Manifest.lock";
			outputPaths = (
				"$(DERIVED_FILE_DIR)/Pods-LLSimpleCameraExampleTests-checkManifestLockResult.txt",
			);
			runOnlyForDeploymentPostprocessing = 0;
			shellPath = /bin/sh;
			shellScript = "diff \"${PODS_PODFILE_DIR_PATH}/Podfile.lock\" \"${PODS_ROOT}/Manifest.lock\" > /dev/null\nif [ $? != 0 ] ; then\n    # print error to STDERR\n    echo \"error: The sandbox is not in sync with the Podfile.lock. Run 'pod install' or update your CocoaPods installation.\" >&2\n    exit 1\nfi\n";
			showEnvVarsInLog = 0;
		};
/* End PBXShellScriptBuildPhase section */

/* Begin PBXSourcesBuildPhase section */
		E3FDCBCE1F4D6AAF00A88084 /* Sources */ = {
			isa = PBXSourcesBuildPhase;
			buildActionMask = 2147483647;
			files = (
				E3FDCC481F4D76F400A88084 /* ViewUtils.m in Sources */,
				E3FDCC4A1F4D76F400A88084 /* UIImage+Resize.m in Sources */,
				E3FDCBE51F4D6AB000A88084 /* main.m in Sources */,
				E3FDCC201F4D722F00A88084 /* VideoViewController.m in Sources */,
				E3FDCC491F4D76F400A88084 /* UIImage+Crop.m in Sources */,
				E3FDCBD71F4D6AAF00A88084 /* AppDelegate.m in Sources */,
				E3FDCC231F4D722F00A88084 /* ImageViewController.m in Sources */,
				E3FDCC241F4D722F00A88084 /* HomeViewController.m in Sources */,
			);
			runOnlyForDeploymentPostprocessing = 0;
		};
		E3FDCBE61F4D6AB000A88084 /* Sources */ = {
			isa = PBXSourcesBuildPhase;
			buildActionMask = 2147483647;
			files = (
				E3FDCBEF1F4D6AB000A88084 /* LLSimpleCameraExampleTests.m in Sources */,
			);
			runOnlyForDeploymentPostprocessing = 0;
		};
		E3FDCBF11F4D6AB000A88084 /* Sources */ = {
			isa = PBXSourcesBuildPhase;
			buildActionMask = 2147483647;
			files = (
				E3FDCBFA1F4D6AB000A88084 /* LLSimpleCameraExampleUITests.m in Sources */,
			);
			runOnlyForDeploymentPostprocessing = 0;
		};
/* End PBXSourcesBuildPhase section */

/* Begin PBXTargetDependency section */
		E3FDCBEC1F4D6AB000A88084 /* PBXTargetDependency */ = {
			isa = PBXTargetDependency;
			target = E3FDCBD11F4D6AAF00A88084 /* LLSimpleCameraExample */;
			targetProxy = E3FDCBEB1F4D6AB000A88084 /* PBXContainerItemProxy */;
		};
		E3FDCBF71F4D6AB000A88084 /* PBXTargetDependency */ = {
			isa = PBXTargetDependency;
			target = E3FDCBD11F4D6AAF00A88084 /* LLSimpleCameraExample */;
			targetProxy = E3FDCBF61F4D6AB000A88084 /* PBXContainerItemProxy */;
		};
/* End PBXTargetDependency section */

/* Begin PBXVariantGroup section */
		1A607BE71F4D935B0036B035 /* Launch Screen.storyboard */ = {
			isa = PBXVariantGroup;
			children = (
				1A607BE81F4D935B0036B035 /* Base */,
			);
			name = "Launch Screen.storyboard";
			sourceTree = "<group>";
		};
/* End PBXVariantGroup section */

/* Begin XCBuildConfiguration section */
		E3FDCBFC1F4D6AB000A88084 /* Debug */ = {
			isa = XCBuildConfiguration;
			buildSettings = {
				ALWAYS_SEARCH_USER_PATHS = NO;
				CLANG_ANALYZER_NONNULL = YES;
				CLANG_ANALYZER_NUMBER_OBJECT_CONVERSION = YES_AGGRESSIVE;
				CLANG_CXX_LANGUAGE_STANDARD = "gnu++14";
				CLANG_CXX_LIBRARY = "libc++";
				CLANG_ENABLE_MODULES = YES;
				CLANG_ENABLE_OBJC_ARC = YES;
				CLANG_WARN_BLOCK_CAPTURE_AUTORELEASING = YES;
				CLANG_WARN_BOOL_CONVERSION = YES;
				CLANG_WARN_COMMA = YES;
				CLANG_WARN_CONSTANT_CONVERSION = YES;
				CLANG_WARN_DIRECT_OBJC_ISA_USAGE = YES_ERROR;
				CLANG_WARN_DOCUMENTATION_COMMENTS = YES;
				CLANG_WARN_EMPTY_BODY = YES;
				CLANG_WARN_ENUM_CONVERSION = YES;
				CLANG_WARN_INFINITE_RECURSION = YES;
				CLANG_WARN_INT_CONVERSION = YES;
				CLANG_WARN_NON_LITERAL_NULL_CONVERSION = YES;
				CLANG_WARN_OBJC_LITERAL_CONVERSION = YES;
				CLANG_WARN_OBJC_ROOT_CLASS = YES_ERROR;
				CLANG_WARN_RANGE_LOOP_ANALYSIS = YES;
				CLANG_WARN_STRICT_PROTOTYPES = YES;
				CLANG_WARN_SUSPICIOUS_MOVE = YES;
				CLANG_WARN_UNGUARDED_AVAILABILITY = YES_AGGRESSIVE;
				CLANG_WARN_UNREACHABLE_CODE = YES;
				CLANG_WARN__DUPLICATE_METHOD_MATCH = YES;
				CODE_SIGN_IDENTITY = "iPhone Developer";
				COPY_PHASE_STRIP = NO;
				DEBUG_INFORMATION_FORMAT = dwarf;
				ENABLE_STRICT_OBJC_MSGSEND = YES;
				ENABLE_TESTABILITY = YES;
				GCC_C_LANGUAGE_STANDARD = gnu11;
				GCC_DYNAMIC_NO_PIC = NO;
				GCC_NO_COMMON_BLOCKS = YES;
				GCC_OPTIMIZATION_LEVEL = 0;
				GCC_PREPROCESSOR_DEFINITIONS = (
					"DEBUG=1",
					"$(inherited)",
				);
				GCC_WARN_64_TO_32_BIT_CONVERSION = YES;
				GCC_WARN_ABOUT_RETURN_TYPE = YES_ERROR;
				GCC_WARN_UNDECLARED_SELECTOR = YES;
				GCC_WARN_UNINITIALIZED_AUTOS = YES_AGGRESSIVE;
				GCC_WARN_UNUSED_FUNCTION = YES;
				GCC_WARN_UNUSED_VARIABLE = YES;
				IPHONEOS_DEPLOYMENT_TARGET = 11.0;
				MTL_ENABLE_DEBUG_INFO = YES;
				ONLY_ACTIVE_ARCH = YES;
				SDKROOT = iphoneos;
			};
			name = Debug;
		};
		E3FDCBFD1F4D6AB000A88084 /* Release */ = {
			isa = XCBuildConfiguration;
			buildSettings = {
				ALWAYS_SEARCH_USER_PATHS = NO;
				CLANG_ANALYZER_NONNULL = YES;
				CLANG_ANALYZER_NUMBER_OBJECT_CONVERSION = YES_AGGRESSIVE;
				CLANG_CXX_LANGUAGE_STANDARD = "gnu++14";
				CLANG_CXX_LIBRARY = "libc++";
				CLANG_ENABLE_MODULES = YES;
				CLANG_ENABLE_OBJC_ARC = YES;
				CLANG_WARN_BLOCK_CAPTURE_AUTORELEASING = YES;
				CLANG_WARN_BOOL_CONVERSION = YES;
				CLANG_WARN_COMMA = YES;
				CLANG_WARN_CONSTANT_CONVERSION = YES;
				CLANG_WARN_DIRECT_OBJC_ISA_USAGE = YES_ERROR;
				CLANG_WARN_DOCUMENTATION_COMMENTS = YES;
				CLANG_WARN_EMPTY_BODY = YES;
				CLANG_WARN_ENUM_CONVERSION = YES;
				CLANG_WARN_INFINITE_RECURSION = YES;
				CLANG_WARN_INT_CONVERSION = YES;
				CLANG_WARN_NON_LITERAL_NULL_CONVERSION = YES;
				CLANG_WARN_OBJC_LITERAL_CONVERSION = YES;
				CLANG_WARN_OBJC_ROOT_CLASS = YES_ERROR;
				CLANG_WARN_RANGE_LOOP_ANALYSIS = YES;
				CLANG_WARN_STRICT_PROTOTYPES = YES;
				CLANG_WARN_SUSPICIOUS_MOVE = YES;
				CLANG_WARN_UNGUARDED_AVAILABILITY = YES_AGGRESSIVE;
				CLANG_WARN_UNREACHABLE_CODE = YES;
				CLANG_WARN__DUPLICATE_METHOD_MATCH = YES;
				CODE_SIGN_IDENTITY = "iPhone Developer";
				COPY_PHASE_STRIP = NO;
				DEBUG_INFORMATION_FORMAT = "dwarf-with-dsym";
				ENABLE_NS_ASSERTIONS = NO;
				ENABLE_STRICT_OBJC_MSGSEND = YES;
				GCC_C_LANGUAGE_STANDARD = gnu11;
				GCC_NO_COMMON_BLOCKS = YES;
				GCC_WARN_64_TO_32_BIT_CONVERSION = YES;
				GCC_WARN_ABOUT_RETURN_TYPE = YES_ERROR;
				GCC_WARN_UNDECLARED_SELECTOR = YES;
				GCC_WARN_UNINITIALIZED_AUTOS = YES_AGGRESSIVE;
				GCC_WARN_UNUSED_FUNCTION = YES;
				GCC_WARN_UNUSED_VARIABLE = YES;
				IPHONEOS_DEPLOYMENT_TARGET = 11.0;
				MTL_ENABLE_DEBUG_INFO = NO;
				SDKROOT = iphoneos;
				VALIDATE_PRODUCT = YES;
			};
			name = Release;
		};
		E3FDCBFF1F4D6AB000A88084 /* Debug */ = {
			isa = XCBuildConfiguration;
			baseConfigurationReference = 4DC532CC6DB8433409D313E3 /* Pods-LLSimpleCameraExample.debug.xcconfig */;
			buildSettings = {
				ASSETCATALOG_COMPILER_APPICON_NAME = AppIcon;
				"CODE_SIGN_IDENTITY[sdk=iphoneos*]" = "iPhone Developer";
				DEVELOPMENT_TEAM = FLA95J3G7U;
				INFOPLIST_FILE = LLSimpleCameraExample/Info.plist;
				LD_RUNPATH_SEARCH_PATHS = "$(inherited) @executable_path/Frameworks";
				PRODUCT_BUNDLE_IDENTIFIER = com.creedon.LLSimpleCameraExample;
				PRODUCT_NAME = "$(TARGET_NAME)";
				PROVISIONING_PROFILE_SPECIFIER = "";
				TARGETED_DEVICE_FAMILY = "1,2";
			};
			name = Debug;
		};
		E3FDCC001F4D6AB000A88084 /* Release */ = {
			isa = XCBuildConfiguration;
			baseConfigurationReference = 3AB75E6C6F029F3C9B6C3C32 /* Pods-LLSimpleCameraExample.release.xcconfig */;
			buildSettings = {
				ASSETCATALOG_COMPILER_APPICON_NAME = AppIcon;
				"CODE_SIGN_IDENTITY[sdk=iphoneos*]" = "iPhone Developer";
				DEVELOPMENT_TEAM = FLA95J3G7U;
				INFOPLIST_FILE = LLSimpleCameraExample/Info.plist;
				LD_RUNPATH_SEARCH_PATHS = "$(inherited) @executable_path/Frameworks";
				PRODUCT_BUNDLE_IDENTIFIER = com.creedon.LLSimpleCameraExample;
				PRODUCT_NAME = "$(TARGET_NAME)";
				PROVISIONING_PROFILE_SPECIFIER = "";
				TARGETED_DEVICE_FAMILY = "1,2";
			};
			name = Release;
		};
		E3FDCC021F4D6AB000A88084 /* Debug */ = {
			isa = XCBuildConfiguration;
			baseConfigurationReference = CAEC4C6C9CB0E80B59053301 /* Pods-LLSimpleCameraExampleTests.debug.xcconfig */;
			buildSettings = {
				BUNDLE_LOADER = "$(TEST_HOST)";
				DEVELOPMENT_TEAM = FLA95J3G7U;
				INFOPLIST_FILE = LLSimpleCameraExampleTests/Info.plist;
				LD_RUNPATH_SEARCH_PATHS = "$(inherited) @executable_path/Frameworks @loader_path/Frameworks";
				PRODUCT_BUNDLE_IDENTIFIER = com.creedon.LLSimpleCameraExampleTests;
				PRODUCT_NAME = "$(TARGET_NAME)";
				TARGETED_DEVICE_FAMILY = "1,2";
				TEST_HOST = "$(BUILT_PRODUCTS_DIR)/LLSimpleCameraExample.app/LLSimpleCameraExample";
			};
			name = Debug;
		};
		E3FDCC031F4D6AB000A88084 /* Release */ = {
			isa = XCBuildConfiguration;
			baseConfigurationReference = 8C74F68EF0DA45A89652BD2F /* Pods-LLSimpleCameraExampleTests.release.xcconfig */;
			buildSettings = {
				BUNDLE_LOADER = "$(TEST_HOST)";
				DEVELOPMENT_TEAM = FLA95J3G7U;
				INFOPLIST_FILE = LLSimpleCameraExampleTests/Info.plist;
				LD_RUNPATH_SEARCH_PATHS = "$(inherited) @executable_path/Frameworks @loader_path/Frameworks";
				PRODUCT_BUNDLE_IDENTIFIER = com.creedon.LLSimpleCameraExampleTests;
				PRODUCT_NAME = "$(TARGET_NAME)";
				TARGETED_DEVICE_FAMILY = "1,2";
				TEST_HOST = "$(BUILT_PRODUCTS_DIR)/LLSimpleCameraExample.app/LLSimpleCameraExample";
			};
			name = Release;
		};
		E3FDCC051F4D6AB000A88084 /* Debug */ = {
			isa = XCBuildConfiguration;
			baseConfigurationReference = C2EC77F1FD7F49CC36EBC2F9 /* Pods-LLSimpleCameraExampleUITests.debug.xcconfig */;
			buildSettings = {
				DEVELOPMENT_TEAM = FLA95J3G7U;
				INFOPLIST_FILE = LLSimpleCameraExampleUITests/Info.plist;
				LD_RUNPATH_SEARCH_PATHS = "$(inherited) @executable_path/Frameworks @loader_path/Frameworks";
				PRODUCT_BUNDLE_IDENTIFIER = com.creedon.LLSimpleCameraExampleUITests;
				PRODUCT_NAME = "$(TARGET_NAME)";
				TARGETED_DEVICE_FAMILY = "1,2";
				TEST_TARGET_NAME = LLSimpleCameraExample;
			};
			name = Debug;
		};
		E3FDCC061F4D6AB000A88084 /* Release */ = {
			isa = XCBuildConfiguration;
			baseConfigurationReference = 2131CF87C7FCDDB59879ECA6 /* Pods-LLSimpleCameraExampleUITests.release.xcconfig */;
			buildSettings = {
				DEVELOPMENT_TEAM = FLA95J3G7U;
				INFOPLIST_FILE = LLSimpleCameraExampleUITests/Info.plist;
				LD_RUNPATH_SEARCH_PATHS = "$(inherited) @executable_path/Frameworks @loader_path/Frameworks";
				PRODUCT_BUNDLE_IDENTIFIER = com.creedon.LLSimpleCameraExampleUITests;
				PRODUCT_NAME = "$(TARGET_NAME)";
				TARGETED_DEVICE_FAMILY = "1,2";
				TEST_TARGET_NAME = LLSimpleCameraExample;
			};
			name = Release;
		};
/* End XCBuildConfiguration section */

/* Begin XCConfigurationList section */
		E3FDCBCD1F4D6AAF00A88084 /* Build configuration list for PBXProject "LLSimpleCameraExample" */ = {
			isa = XCConfigurationList;
			buildConfigurations = (
				E3FDCBFC1F4D6AB000A88084 /* Debug */,
				E3FDCBFD1F4D6AB000A88084 /* Release */,
			);
			defaultConfigurationIsVisible = 0;
			defaultConfigurationName = Release;
		};
		E3FDCBFE1F4D6AB000A88084 /* Build configuration list for PBXNativeTarget "LLSimpleCameraExample" */ = {
			isa = XCConfigurationList;
			buildConfigurations = (
				E3FDCBFF1F4D6AB000A88084 /* Debug */,
				E3FDCC001F4D6AB000A88084 /* Release */,
			);
			defaultConfigurationIsVisible = 0;
			defaultConfigurationName = Release;
		};
		E3FDCC011F4D6AB000A88084 /* Build configuration list for PBXNativeTarget "LLSimpleCameraExampleTests" */ = {
			isa = XCConfigurationList;
			buildConfigurations = (
				E3FDCC021F4D6AB000A88084 /* Debug */,
				E3FDCC031F4D6AB000A88084 /* Release */,
			);
			defaultConfigurationIsVisible = 0;
			defaultConfigurationName = Release;
		};
		E3FDCC041F4D6AB000A88084 /* Build configuration list for PBXNativeTarget "LLSimpleCameraExampleUITests" */ = {
			isa = XCConfigurationList;
			buildConfigurations = (
				E3FDCC051F4D6AB000A88084 /* Debug */,
				E3FDCC061F4D6AB000A88084 /* Release */,
			);
			defaultConfigurationIsVisible = 0;
			defaultConfigurationName = Release;
		};
/* End XCConfigurationList section */
	};
	rootObject = E3FDCBCA1F4D6AAF00A88084 /* Project object */;
}
